
Microsoft Visual Studio Solution File, Format Version 12.00
# Visual Studio 15
VisualStudioVersion = 15.0.26730.15
MinimumVisualStudioVersion = 10.0.40219.1
Project("{9A19103F-16F7-4668-BE54-9A1E7A4F7556}") = "HCRUDEasy.Web", "HCRUDEasy.Web\HCRUDEasy.Web.csproj", "{793C798E-7DC3-40CD-8F86-0A3003ECFE4A}"
EndProject
Project("{9A19103F-16F7-4668-BE54-9A1E7A4F7556}") = "HCRUDEasy.Domain", "HCRUDEasy.Domain\HCRUDEasy.Domain.csproj", "{A2012A68-BEF6-496E-80AB-28A5F4D95F8F}"
EndProject
Project("{9A19103F-16F7-4668-BE54-9A1E7A4F7556}") = "HCRUDEasy.Data", "HCRUDEasy.Data\HCRUDEasy.Data.csproj", "{A5B5669F-504A-40A9-B660-2A0B56DC1353}"
EndProject
Project("{9A19103F-16F7-4668-BE54-9A1E7A4F7556}") = "HCRUDEasy.DI", "HCRUDEasy.DI\HCRUDEasy.DI.csproj", "{211D2659-6992-4B53-8834-C0413E6BE611}"
EndProject
Project("{9A19103F-16F7-4668-BE54-9A1E7A4F7556}") = "UnitTestProject1", "..\test\UnitTestProject1\UnitTestProject1.csproj", "{E3B70B96-050B-4DBA-AC0F-DE4E489FF083}"
EndProject
Global
	GlobalSection(SolutionConfigurationPlatforms) = preSolution
		Debug|Any CPU = Debug|Any CPU
		Release|Any CPU = Release|Any CPU
	EndGlobalSection
	GlobalSection(ProjectConfigurationPlatforms) = postSolution
		{793C798E-7DC3-40CD-8F86-0A3003ECFE4A}.Debug|Any CPU.ActiveCfg = Debug|Any CPU
		{793C798E-7DC3-40CD-8F86-0A3003ECFE4A}.Debug|Any CPU.Build.0 = Debug|Any CPU
		{793C798E-7DC3-40CD-8F86-0A3003ECFE4A}.Release|Any CPU.ActiveCfg = Release|Any CPU
		{793C798E-7DC3-40CD-8F86-0A3003ECFE4A}.Release|Any CPU.Build.0 = Release|Any CPU
		{A2012A68-BEF6-496E-80AB-28A5F4D95F8F}.Debug|Any CPU.ActiveCfg = Debug|Any CPU
		{A2012A68-BEF6-496E-80AB-28A5F4D95F8F}.Debug|Any CPU.Build.0 = Debug|Any CPU
		{A2012A68-BEF6-496E-80AB-28A5F4D95F8F}.Release|Any CPU.ActiveCfg = Release|Any CPU
		{A2012A68-BEF6-496E-80AB-28A5F4D95F8F}.Release|Any CPU.Build.0 = Release|Any CPU
		{A5B5669F-504A-40A9-B660-2A0B56DC1353}.Debug|Any CPU.ActiveCfg = Debug|Any CPU
		{A5B5669F-504A-40A9-B660-2A0B56DC1353}.Debug|Any CPU.Build.0 = Debug|Any CPU
		{A5B5669F-504A-40A9-B660-2A0B56DC1353}.Release|Any CPU.ActiveCfg = Release|Any CPU
		{A5B5669F-504A-40A9-B660-2A0B56DC1353}.Release|Any CPU.Build.0 = Release|Any CPU
		{211D2659-6992-4B53-8834-C0413E6BE611}.Debug|Any CPU.ActiveCfg = Debug|Any CPU
		{211D2659-6992-4B53-8834-C0413E6BE611}.Debug|Any CPU.Build.0 = Debug|Any CPU
		{211D2659-6992-4B53-8834-C0413E6BE611}.Release|Any CPU.ActiveCfg = Release|Any CPU
		{211D2659-6992-4B53-8834-C0413E6BE611}.Release|Any CPU.Build.0 = Release|Any CPU
		{E3B70B96-050B-4DBA-AC0F-DE4E489FF083}.Debug|Any CPU.ActiveCfg = Debug|Any CPU
		{E3B70B96-050B-4DBA-AC0F-DE4E489FF083}.Debug|Any CPU.Build.0 = Debug|Any CPU
		{E3B70B96-050B-4DBA-AC0F-DE4E489FF083}.Release|Any CPU.ActiveCfg = Release|Any CPU
		{E3B70B96-050B-4DBA-AC0F-DE4E489FF083}.Release|Any CPU.Build.0 = Release|Any CPU
	EndGlobalSection
	GlobalSection(SolutionProperties) = preSolution
		HideSolutionNode = FALSE
	EndGlobalSection
	GlobalSection(ExtensibilityGlobals) = postSolution
		SolutionGuid = {15354566-7336-4058-9963-9D38A892A266}
	EndGlobalSection
EndGlobal
